# THIS IS AN AUTOGENERATED FILE. DO NOT EDIT THIS FILE DIRECTLY.
# yarn lockfile v1


active-window@^0.1.0:
  version "0.1.0"
  resolved "https://registry.yarnpkg.com/active-window/-/active-window-0.1.0.tgz#1b986b950293eb0577fb83966f44db62de1a7593"

apisauce@^0.12.0:
  version "0.12.0"
  resolved "https://registry.yarnpkg.com/apisauce/-/apisauce-0.12.0.tgz#504b66d6268f8dfbf3180db9a63ae87299ec5e81"
  dependencies:
    axios "^0.16.1"
    ramda "^0.23.0"

axios@^0.16.1:
  version "0.16.1"
  resolved "https://registry.yarnpkg.com/axios/-/axios-0.16.1.tgz#c0b6d26600842384b8f509e57111f0d2df8223ca"
  dependencies:
    follow-redirects "^1.2.3"

bluebird@^3.5.0:
  version "3.5.0"
  resolved "https://registry.yarnpkg.com/bluebird/-/bluebird-3.5.0.tgz#791420d7f551eea2897453a8a77653f96606d67c"

debug@^2.4.5:
  version "2.6.6"
  resolved "https://registry.yarnpkg.com/debug/-/debug-2.6.6.tgz#a9fa6fbe9ca43cf1e79f73b75c0189cbb7d6db5a"
  dependencies:
    ms "0.7.3"

es6-promise@~3.0.2:
  version "3.0.2"
  resolved "https://registry.yarnpkg.com/es6-promise/-/es6-promise-3.0.2.tgz#010d5858423a5f118979665f46486a95c6ee2bb6"

follow-redirects@^1.2.3:
  version "1.2.3"
  resolved "https://registry.yarnpkg.com/follow-redirects/-/follow-redirects-1.2.3.tgz#01abaeca85e3609837d9fcda3167a7e42fdaca21"
  dependencies:
    debug "^2.4.5"

iconv-lite@0.2.11:
  version "0.2.11"
  resolved "https://registry.yarnpkg.com/iconv-lite/-/iconv-lite-0.2.11.tgz#1ce60a3a57864a292d1321ff4609ca4bb965adc8"

ip@^1.1.5:
  version "1.1.5"
  resolved "https://registry.yarnpkg.com/ip/-/ip-1.1.5.tgz#bdded70114290828c0a039e72ef25f5aaec4354a"

ms@0.7.3:
  version "0.7.3"
  resolved "https://registry.yarnpkg.com/ms/-/ms-0.7.3.tgz#708155a5e44e33f5fd0fc53e81d0d40a91be1fff"

object-assign@~4.1.0:
  version "4.1.1"
  resolved "https://registry.yarnpkg.com/object-assign/-/object-assign-4.1.1.tgz#2109adc7965887cfc05cbbd442cac8bfbb360863"

qs@1.2.0:
  version "1.2.0"
  resolved "https://registry.yarnpkg.com/qs/-/qs-1.2.0.tgz#ed079be28682147e6fd9a34cc2b0c1e0ec6453ee"

ramda@^0.23.0:
  version "0.23.0"
  resolved "https://registry.yarnpkg.com/ramda/-/ramda-0.23.0.tgz#ccd13fff73497a93974e3e86327bfd87bd6e8e2b"

restler@~3.3.0:
  version "3.3.0"
  resolved "https://registry.yarnpkg.com/restler/-/restler-3.3.0.tgz#f93a59b5e1bc2c5ad0c2b973f78129b2181b6076"
  dependencies:
    iconv-lite "0.2.11"
    qs "1.2.0"
    xml2js "0.4.0"
    yaml "0.2.3"

sax@0.5.x:
  version "0.5.8"
  resolved "https://registry.yarnpkg.com/sax/-/sax-0.5.8.tgz#d472db228eb331c2506b0e8c15524adb939d12c1"

trello@^0.7.0:
  version "0.7.0"
  resolved "https://registry.yarnpkg.com/trello/-/trello-0.7.0.tgz#4cd74702e3289043940c20545ab77f87deeac01f"
  dependencies:
    es6-promise "~3.0.2"
    object-assign "~4.1.0"
    restler "~3.3.0"

xml2js@0.4.0:
  version "0.4.0"
  resolved "https://registry.yarnpkg.com/xml2js/-/xml2js-0.4.0.tgz#124fc4114b4129c810800ecb2ac86cf25462cb9a"
  dependencies:
    sax "0.5.x"
    xmlbuilder ">=0.4.2"

xmlbuilder@>=0.4.2:
  version "8.2.2"
  resolved "https://registry.yarnpkg.com/xmlbuilder/-/xmlbuilder-8.2.2.tgz#69248673410b4ba42e1a6136551d2922335aa773"

yaml@0.2.3:
  version "0.2.3"
  resolved "https://registry.yarnpkg.com/yaml/-/yaml-0.2.3.tgz#b5450e92e76ef36b5dd24e3660091ebaeef3e5c7"
